
Microsoft Visual Studio Solution File, Format Version 12.00
# Visual Studio Version 17
VisualStudioVersion = 17.8.34511.84
MinimumVisualStudioVersion = 10.0.40219.1
Project("{FAE04EC0-301F-11D3-BF4B-00C04F79EFBC}") = "Text_Encryptment_Program", "Text_Encryptment_Program\Text_Encryptment_Program.csproj", "{61D9BB29-F9ED-4177-9B5D-4076E78BC1F1}"
EndProject
Global
	GlobalSection(SolutionConfigurationPlatforms) = preSolution
		Debug|Any CPU = Debug|Any CPU
		Release|Any CPU = Release|Any CPU
	EndGlobalSection
	GlobalSection(ProjectConfigurationPlatforms) = postSolution
		{61D9BB29-F9ED-4177-9B5D-4076E78BC1F1}.Debug|Any CPU.ActiveCfg = Debug|Any CPU
		{61D9BB29-F9ED-4177-9B5D-4076E78BC1F1}.Debug|Any CPU.Build.0 = Debug|Any CPU
		{61D9BB29-F9ED-4177-9B5D-4076E78BC1F1}.Release|Any CPU.ActiveCfg = Release|Any CPU
		{61D9BB29-F9ED-4177-9B5D-4076E78BC1F1}.Release|Any CPU.Build.0 = Release|Any CPU
	EndGlobalSection
	GlobalSection(SolutionProperties) = preSolution
		HideSolutionNode = FALSE
	EndGlobalSection
	GlobalSection(ExtensibilityGlobals) = postSolution
		SolutionGuid = {40E017B9-38A9-411E-981A-4B5420089CDE}
	EndGlobalSection
EndGlobal
